// !$*UTF8*$!
{
	archiveVersion = 1;
	classes = {
	};
	objectVersion = 51;
	objects = {

/* Begin PBXBuildFile section */
		1321CC7767F567400AF45FD6 /* Pods_Almate.framework in Frameworks */ = {isa = PBXBuildFile; fileRef = A8A87A6099742A499B316FBC /* Pods_Almate.framework */; };
		885AA6D7236C54B00049B35E /* NewsView.swift in Sources */ = {isa = PBXBuildFile; fileRef = 885AA6D6236C54B00049B35E /* NewsView.swift */; };
		8882C601237022D9001F56B4 /* NewsCell.swift in Sources */ = {isa = PBXBuildFile; fileRef = 8882C5FF237022D9001F56B4 /* NewsCell.swift */; };
		8894581C236AB41200E3D838 /* Default-568h@2x.png in Resources */ = {isa = PBXBuildFile; fileRef = 8894581B236AB41200E3D838 /* Default-568h@2x.png */; };
		8894581E236AD0EC00E3D838 /* GoogleService-Info.plist in Resources */ = {isa = PBXBuildFile; fileRef = 8894581D236AD0EB00E3D838 /* GoogleService-Info.plist */; };
		88945820236AE51500E3D838 /* LoginView.swift in Sources */ = {isa = PBXBuildFile; fileRef = 8894581F236AE51500E3D838 /* LoginView.swift */; };
		88945823236AF09B00E3D838 /* MainTabBarController.swift in Sources */ = {isa = PBXBuildFile; fileRef = 88945821236AF09B00E3D838 /* MainTabBarController.swift */; };
		88945831236AF46600E3D838 /* NewsViewController.swift in Sources */ = {isa = PBXBuildFile; fileRef = 8894582F236AF46600E3D838 /* NewsViewController.swift */; };
		88945832236AF46600E3D838 /* NewsViewController.xib in Resources */ = {isa = PBXBuildFile; fileRef = 88945830236AF46600E3D838 /* NewsViewController.xib */; };
		88945835236AF47900E3D838 /* PeopleViewController.swift in Sources */ = {isa = PBXBuildFile; fileRef = 88945833236AF47900E3D838 /* PeopleViewController.swift */; };
		88945836236AF47900E3D838 /* PeopleViewController.xib in Resources */ = {isa = PBXBuildFile; fileRef = 88945834236AF47900E3D838 /* PeopleViewController.xib */; };
		88945839236AF48600E3D838 /* NotifViewController.swift in Sources */ = {isa = PBXBuildFile; fileRef = 88945837236AF48600E3D838 /* NotifViewController.swift */; };
		8894583A236AF48600E3D838 /* NotifViewController.xib in Resources */ = {isa = PBXBuildFile; fileRef = 88945838236AF48600E3D838 /* NotifViewController.xib */; };
		8894583D236AF49600E3D838 /* JobsViewController.swift in Sources */ = {isa = PBXBuildFile; fileRef = 8894583B236AF49600E3D838 /* JobsViewController.swift */; };
		8894583E236AF49600E3D838 /* JobsViewController.xib in Resources */ = {isa = PBXBuildFile; fileRef = 8894583C236AF49600E3D838 /* JobsViewController.xib */; };
		88945840236B15E400E3D838 /* MainTabBarController.xib in Resources */ = {isa = PBXBuildFile; fileRef = 8894583F236B15E400E3D838 /* MainTabBarController.xib */; };
		88F68207236971B5006249AA /* AppDelegate.swift in Sources */ = {isa = PBXBuildFile; fileRef = 88F68206236971B5006249AA /* AppDelegate.swift */; };
		88F6820B236971B5006249AA /* ViewController.swift in Sources */ = {isa = PBXBuildFile; fileRef = 88F6820A236971B5006249AA /* ViewController.swift */; };
		88F68210236971B7006249AA /* Assets.xcassets in Resources */ = {isa = PBXBuildFile; fileRef = 88F6820F236971B7006249AA /* Assets.xcassets */; };
		88F68213236971B7006249AA /* LaunchScreen.storyboard in Resources */ = {isa = PBXBuildFile; fileRef = 88F68211236971B7006249AA /* LaunchScreen.storyboard */; };
		88F68222236985A8006249AA /* LoginViewController.swift in Sources */ = {isa = PBXBuildFile; fileRef = 88F68220236985A8006249AA /* LoginViewController.swift */; };
		88F68223236985A8006249AA /* LoginViewController.xib in Resources */ = {isa = PBXBuildFile; fileRef = 88F68221236985A8006249AA /* LoginViewController.xib */; };
/* End PBXBuildFile section */

/* Begin PBXFileReference section */
		4AC7F0D31CED4B0064E35B6B /* Pods-Almate.release.xcconfig */ = {isa = PBXFileReference; includeInIndex = 1; lastKnownFileType = text.xcconfig; name = "Pods-Almate.release.xcconfig"; path = "Target Support Files/Pods-Almate/Pods-Almate.release.xcconfig"; sourceTree = "<group>"; };
		728D53EE3591508D74C3109E /* Pods-Almate.debug.xcconfig */ = {isa = PBXFileReference; includeInIndex = 1; lastKnownFileType = text.xcconfig; name = "Pods-Almate.debug.xcconfig"; path = "Target Support Files/Pods-Almate/Pods-Almate.debug.xcconfig"; sourceTree = "<group>"; };
		885AA6D6236C54B00049B35E /* NewsView.swift */ = {isa = PBXFileReference; lastKnownFileType = sourcecode.swift; path = NewsView.swift; sourceTree = "<group>"; };
		8882C5FF237022D9001F56B4 /* NewsCell.swift */ = {isa = PBXFileReference; lastKnownFileType = sourcecode.swift; name = NewsCell.swift; path = "/Users/qiarra/Library/Autosave Information/Almate/Almate/View/News/NewsCell.swift"; sourceTree = "<absolute>"; };
		8882C600237022D9001F56B4 /* NewsCell.xib */ = {isa = PBXFileReference; lastKnownFileType = file.xib; name = NewsCell.xib; path = "/Users/qiarra/Library/Autosave Information/Almate/Almate/View/News/NewsCell.xib"; sourceTree = "<absolute>"; };
		8894581B236AB41200E3D838 /* Default-568h@2x.png */ = {isa = PBXFileReference; lastKnownFileType = image.png; path = "Default-568h@2x.png"; sourceTree = "<group>"; };
		8894581D236AD0EB00E3D838 /* GoogleService-Info.plist */ = {isa = PBXFileReference; fileEncoding = 4; lastKnownFileType = text.plist.xml; path = "GoogleService-Info.plist"; sourceTree = "<group>"; };
		8894581F236AE51500E3D838 /* LoginView.swift */ = {isa = PBXFileReference; lastKnownFileType = sourcecode.swift; path = LoginView.swift; sourceTree = "<group>"; };
		88945821236AF09B00E3D838 /* MainTabBarController.swift */ = {isa = PBXFileReference; lastKnownFileType = sourcecode.swift; path = MainTabBarController.swift; sourceTree = "<group>"; };
		8894582F236AF46600E3D838 /* NewsViewController.swift */ = {isa = PBXFileReference; lastKnownFileType = sourcecode.swift; path = NewsViewController.swift; sourceTree = "<group>"; };
		88945830236AF46600E3D838 /* NewsViewController.xib */ = {isa = PBXFileReference; lastKnownFileType = file.xib; path = NewsViewController.xib; sourceTree = "<group>"; };
		88945833236AF47900E3D838 /* PeopleViewController.swift */ = {isa = PBXFileReference; lastKnownFileType = sourcecode.swift; path = PeopleViewController.swift; sourceTree = "<group>"; };
		88945834236AF47900E3D838 /* PeopleViewController.xib */ = {isa = PBXFileReference; lastKnownFileType = file.xib; path = PeopleViewController.xib; sourceTree = "<group>"; };
		88945837236AF48600E3D838 /* NotifViewController.swift */ = {isa = PBXFileReference; lastKnownFileType = sourcecode.swift; path = NotifViewController.swift; sourceTree = "<group>"; };
		88945838236AF48600E3D838 /* NotifViewController.xib */ = {isa = PBXFileReference; lastKnownFileType = file.xib; path = NotifViewController.xib; sourceTree = "<group>"; };
		8894583B236AF49600E3D838 /* JobsViewController.swift */ = {isa = PBXFileReference; lastKnownFileType = sourcecode.swift; path = JobsViewController.swift; sourceTree = "<group>"; };
		8894583C236AF49600E3D838 /* JobsViewController.xib */ = {isa = PBXFileReference; lastKnownFileType = file.xib; path = JobsViewController.xib; sourceTree = "<group>"; };
		8894583F236B15E400E3D838 /* MainTabBarController.xib */ = {isa = PBXFileReference; lastKnownFileType = file.xib; path = MainTabBarController.xib; sourceTree = "<group>"; };
		88F68203236971B5006249AA /* Almate.app */ = {isa = PBXFileReference; explicitFileType = wrapper.application; includeInIndex = 0; path = Almate.app; sourceTree = BUILT_PRODUCTS_DIR; };
		88F68206236971B5006249AA /* AppDelegate.swift */ = {isa = PBXFileReference; lastKnownFileType = sourcecode.swift; path = AppDelegate.swift; sourceTree = "<group>"; };
		88F6820A236971B5006249AA /* ViewController.swift */ = {isa = PBXFileReference; lastKnownFileType = sourcecode.swift; path = ViewController.swift; sourceTree = "<group>"; };
		88F6820F236971B7006249AA /* Assets.xcassets */ = {isa = PBXFileReference; lastKnownFileType = folder.assetcatalog; path = Assets.xcassets; sourceTree = "<group>"; };
		88F68212236971B7006249AA /* Base */ = {isa = PBXFileReference; lastKnownFileType = file.storyboard; name = Base; path = Base.lproj/LaunchScreen.storyboard; sourceTree = "<group>"; };
		88F68214236971B7006249AA /* Info.plist */ = {isa = PBXFileReference; lastKnownFileType = text.plist.xml; path = Info.plist; sourceTree = "<group>"; };
		88F68220236985A8006249AA /* LoginViewController.swift */ = {isa = PBXFileReference; lastKnownFileType = sourcecode.swift; path = LoginViewController.swift; sourceTree = "<group>"; };
		88F68221236985A8006249AA /* LoginViewController.xib */ = {isa = PBXFileReference; lastKnownFileType = file.xib; path = LoginViewController.xib; sourceTree = "<group>"; };
		A8A87A6099742A499B316FBC /* Pods_Almate.framework */ = {isa = PBXFileReference; explicitFileType = wrapper.framework; includeInIndex = 0; path = Pods_Almate.framework; sourceTree = BUILT_PRODUCTS_DIR; };
/* End PBXFileReference section */

/* Begin PBXFrameworksBuildPhase section */
		88F68200236971B5006249AA /* Frameworks */ = {
			isa = PBXFrameworksBuildPhase;
			buildActionMask = 2147483647;
			files = (
				1321CC7767F567400AF45FD6 /* Pods_Almate.framework in Frameworks */,
			);
			runOnlyForDeploymentPostprocessing = 0;
		};
/* End PBXFrameworksBuildPhase section */

/* Begin PBXGroup section */
		88945825236AF0A800E3D838 /* Main */ = {
			isa = PBXGroup;
			children = (
				8894583F236B15E400E3D838 /* MainTabBarController.xib */,
			);
			path = Main;
			sourceTree = "<group>";
		};
		88945826236AF0B200E3D838 /* Main */ = {
			isa = PBXGroup;
			children = (
				88945821236AF09B00E3D838 /* MainTabBarController.swift */,
			);
			path = Main;
			sourceTree = "<group>";
		};
		88945827236AF3F000E3D838 /* News */ = {
			isa = PBXGroup;
			children = (
				8894582F236AF46600E3D838 /* NewsViewController.swift */,
			);
			path = News;
			sourceTree = "<group>";
		};
		88945828236AF3FC00E3D838 /* News */ = {
			isa = PBXGroup;
			children = (
				88945830236AF46600E3D838 /* NewsViewController.xib */,
				885AA6D6236C54B00049B35E /* NewsView.swift */,
				8882C600237022D9001F56B4 /* NewsCell.xib */,
				8882C5FF237022D9001F56B4 /* NewsCell.swift */,
			);
			path = News;
			sourceTree = "<group>";
		};
		88945829236AF40200E3D838 /* People */ = {
			isa = PBXGroup;
			children = (
				88945833236AF47900E3D838 /* PeopleViewController.swift */,
			);
			path = People;
			sourceTree = "<group>";
		};
		8894582A236AF40C00E3D838 /* People */ = {
			isa = PBXGroup;
			children = (
				88945834236AF47900E3D838 /* PeopleViewController.xib */,
			);
			path = People;
			sourceTree = "<group>";
		};
		8894582B236AF41700E3D838 /* Notif */ = {
			isa = PBXGroup;
			children = (
				88945837236AF48600E3D838 /* NotifViewController.swift */,
			);
			path = Notif;
			sourceTree = "<group>";
		};
		8894582C236AF41C00E3D838 /* Notif */ = {
			isa = PBXGroup;
			children = (
				88945838236AF48600E3D838 /* NotifViewController.xib */,
			);
			path = Notif;
			sourceTree = "<group>";
		};
		8894582D236AF43C00E3D838 /* Jobs */ = {
			isa = PBXGroup;
			children = (
				8894583B236AF49600E3D838 /* JobsViewController.swift */,
			);
			path = Jobs;
			sourceTree = "<group>";
		};
		8894582E236AF44100E3D838 /* Jobs */ = {
			isa = PBXGroup;
			children = (
				8894583C236AF49600E3D838 /* JobsViewController.xib */,
			);
			path = Jobs;
			sourceTree = "<group>";
		};
		88F681FA236971B5006249AA = {
			isa = PBXGroup;
			children = (
				8894581B236AB41200E3D838 /* Default-568h@2x.png */,
				88F68205236971B5006249AA /* Almate */,
				88F68204236971B5006249AA /* Products */,
				8A52FF9456F72EDF1B2FEAAD /* Pods */,
				DB35098C710DE15F4CAA8BFF /* Frameworks */,
			);
			sourceTree = "<group>";
		};
		88F68204236971B5006249AA /* Products */ = {
			isa = PBXGroup;
			children = (
				88F68203236971B5006249AA /* Almate.app */,
			);
			name = Products;
			sourceTree = "<group>";
		};
		88F68205236971B5006249AA /* Almate */ = {
			isa = PBXGroup;
			children = (
				88F68224236985B6006249AA /* Controller */,
				88F6821A236984D3006249AA /* View */,
				88F68206236971B5006249AA /* AppDelegate.swift */,
				88F6820A236971B5006249AA /* ViewController.swift */,
				88F6820F236971B7006249AA /* Assets.xcassets */,
				88F68211236971B7006249AA /* LaunchScreen.storyboard */,
				88F68214236971B7006249AA /* Info.plist */,
				8894581D236AD0EB00E3D838 /* GoogleService-Info.plist */,
			);
			path = Almate;
			sourceTree = "<group>";
		};
		88F6821A236984D3006249AA /* View */ = {
			isa = PBXGroup;
			children = (
				8894582E236AF44100E3D838 /* Jobs */,
				8894582C236AF41C00E3D838 /* Notif */,
				8894582A236AF40C00E3D838 /* People */,
				88945828236AF3FC00E3D838 /* News */,
				88945825236AF0A800E3D838 /* Main */,
				88F6821B236984D8006249AA /* Login */,
			);
			path = View;
			sourceTree = "<group>";
		};
		88F6821B236984D8006249AA /* Login */ = {
			isa = PBXGroup;
			children = (
				88F68221236985A8006249AA /* LoginViewController.xib */,
				8894581F236AE51500E3D838 /* LoginView.swift */,
			);
			path = Login;
			sourceTree = "<group>";
		};
		88F68224236985B6006249AA /* Controller */ = {
			isa = PBXGroup;
			children = (
				8894582D236AF43C00E3D838 /* Jobs */,
				8894582B236AF41700E3D838 /* Notif */,
				88945829236AF40200E3D838 /* People */,
				88945827236AF3F000E3D838 /* News */,
				88945826236AF0B200E3D838 /* Main */,
				88F68225236985C4006249AA /* Login */,
			);
			path = Controller;
			sourceTree = "<group>";
		};
		88F68225236985C4006249AA /* Login */ = {
			isa = PBXGroup;
			children = (
				88F68220236985A8006249AA /* LoginViewController.swift */,
			);
			path = Login;
			sourceTree = "<group>";
		};
		8A52FF9456F72EDF1B2FEAAD /* Pods */ = {
			isa = PBXGroup;
			children = (
				728D53EE3591508D74C3109E /* Pods-Almate.debug.xcconfig */,
				4AC7F0D31CED4B0064E35B6B /* Pods-Almate.release.xcconfig */,
			);
			path = Pods;
			sourceTree = "<group>";
		};
		DB35098C710DE15F4CAA8BFF /* Frameworks */ = {
			isa = PBXGroup;
			children = (
				A8A87A6099742A499B316FBC /* Pods_Almate.framework */,
			);
			name = Frameworks;
			sourceTree = "<group>";
		};
/* End PBXGroup section */

/* Begin PBXNativeTarget section */
		88F68202236971B5006249AA /* Almate */ = {
			isa = PBXNativeTarget;
			buildConfigurationList = 88F68217236971B7006249AA /* Build configuration list for PBXNativeTarget "Almate" */;
			buildPhases = (
				24408A60FF2A0C834A55E4CB /* [CP] Check Pods Manifest.lock */,
				88F681FF236971B5006249AA /* Sources */,
				88F68200236971B5006249AA /* Frameworks */,
				88F68201236971B5006249AA /* Resources */,
				29C176E4239A436DEA757BA7 /* [CP] Embed Pods Frameworks */,
				9EBBC5AB54E374E6B9792B1C /* [CP] Copy Pods Resources */,
			);
			buildRules = (
			);
			dependencies = (
			);
			name = Almate;
			productName = Almate;
			productReference = 88F68203236971B5006249AA /* Almate.app */;
			productType = "com.apple.product-type.application";
		};
/* End PBXNativeTarget section */

/* Begin PBXProject section */
		88F681FB236971B5006249AA /* Project object */ = {
			isa = PBXProject;
			attributes = {
				LastSwiftUpdateCheck = 1100;
				LastUpgradeCheck = 1100;
				ORGANIZATIONNAME = "Slamet Riyadi";
				TargetAttributes = {
					88F68202236971B5006249AA = {
						CreatedOnToolsVersion = 11.0;
					};
				};
			};
			buildConfigurationList = 88F681FE236971B5006249AA /* Build configuration list for PBXProject "Almate" */;
			compatibilityVersion = "Xcode 9.3";
			developmentRegion = en;
			hasScannedForEncodings = 0;
			knownRegions = (
				en,
				Base,
			);
			mainGroup = 88F681FA236971B5006249AA;
			productRefGroup = 88F68204236971B5006249AA /* Products */;
			projectDirPath = "";
			projectRoot = "";
			targets = (
				88F68202236971B5006249AA /* Almate */,
			);
		};
/* End PBXProject section */

/* Begin PBXResourcesBuildPhase section */
		88F68201236971B5006249AA /* Resources */ = {
			isa = PBXResourcesBuildPhase;
			buildActionMask = 2147483647;
			files = (
				8894583E236AF49600E3D838 /* JobsViewController.xib in Resources */,
				88F68213236971B7006249AA /* LaunchScreen.storyboard in Resources */,
				8894583A236AF48600E3D838 /* NotifViewController.xib in Resources */,
				8894581C236AB41200E3D838 /* Default-568h@2x.png in Resources */,
				88945840236B15E400E3D838 /* MainTabBarController.xib in Resources */,
				8894581E236AD0EC00E3D838 /* GoogleService-Info.plist in Resources */,
				88F68210236971B7006249AA /* Assets.xcassets in Resources */,
				88945836236AF47900E3D838 /* PeopleViewController.xib in Resources */,
				88F68223236985A8006249AA /* LoginViewController.xib in Resources */,
				88945832236AF46600E3D838 /* NewsViewController.xib in Resources */,
			);
			runOnlyForDeploymentPostprocessing = 0;
		};
/* End PBXResourcesBuildPhase section */

/* Begin PBXShellScriptBuildPhase section */
		24408A60FF2A0C834A55E4CB /* [CP] Check Pods Manifest.lock */ = {
			isa = PBXShellScriptBuildPhase;
			buildActionMask = 2147483647;
			files = (
			);
			inputFileListPaths = (
			);
			inputPaths = (
				"${PODS_PODFILE_DIR_PATH}/Podfile.lock",
				"${PODS_ROOT}/Manifest.lock",
			);
			name = "[CP] Check Pods Manifest.lock";
			outputFileListPaths = (
			);
			outputPaths = (
				"$(DERIVED_FILE_DIR)/Pods-Almate-checkManifestLockResult.txt",
			);
			runOnlyForDeploymentPostprocessing = 0;
			shellPath = /bin/sh;
			shellScript = "diff \"${PODS_PODFILE_DIR_PATH}/Podfile.lock\" \"${PODS_ROOT}/Manifest.lock\" > /dev/null\nif [ $? != 0 ] ; then\n    # print error to STDERR\n    echo \"error: The sandbox is not in sync with the Podfile.lock. Run 'pod install' or update your CocoaPods installation.\" >&2\n    exit 1\nfi\n# This output is used by Xcode 'outputs' to avoid re-running this script phase.\necho \"SUCCESS\" > \"${SCRIPT_OUTPUT_FILE_0}\"\n";
			showEnvVarsInLog = 0;
		};
		29C176E4239A436DEA757BA7 /* [CP] Embed Pods Frameworks */ = {
			isa = PBXShellScriptBuildPhase;
			buildActionMask = 2147483647;
			files = (
			);
			inputFileListPaths = (
				"${PODS_ROOT}/Target Support Files/Pods-Almate/Pods-Almate-frameworks-${CONFIGURATION}-input-files.xcfilelist",
			);
			name = "[CP] Embed Pods Frameworks";
			outputFileListPaths = (
				"${PODS_ROOT}/Target Support Files/Pods-Almate/Pods-Almate-frameworks-${CONFIGURATION}-output-files.xcfilelist",
			);
			runOnlyForDeploymentPostprocessing = 0;
			shellPath = /bin/sh;
			shellScript = "\"${PODS_ROOT}/Target Support Files/Pods-Almate/Pods-Almate-frameworks.sh\"\n";
			showEnvVarsInLog = 0;
		};
		9EBBC5AB54E374E6B9792B1C /* [CP] Copy Pods Resources */ = {
			isa = PBXShellScriptBuildPhase;
			buildActionMask = 2147483647;
			files = (
			);
			inputFileListPaths = (
				"${PODS_ROOT}/Target Support Files/Pods-Almate/Pods-Almate-resources-${CONFIGURATION}-input-files.xcfilelist",
			);
			name = "[CP] Copy Pods Resources";
			outputFileListPaths = (
				"${PODS_ROOT}/Target Support Files/Pods-Almate/Pods-Almate-resources-${CONFIGURATION}-output-files.xcfilelist",
			);
			runOnlyForDeploymentPostprocessing = 0;
			shellPath = /bin/sh;
			shellScript = "\"${PODS_ROOT}/Target Support Files/Pods-Almate/Pods-Almate-resources.sh\"\n";
			showEnvVarsInLog = 0;
		};
/* End PBXShellScriptBuildPhase section */

/* Begin PBXSourcesBuildPhase section */
		88F681FF236971B5006249AA /* Sources */ = {
			isa = PBXSourcesBuildPhase;
			buildActionMask = 2147483647;
			files = (
				88F68222236985A8006249AA /* LoginViewController.swift in Sources */,
				88945835236AF47900E3D838 /* PeopleViewController.swift in Sources */,
				88F6820B236971B5006249AA /* ViewController.swift in Sources */,
				885AA6D7236C54B00049B35E /* NewsView.swift in Sources */,
				88945839236AF48600E3D838 /* NotifViewController.swift in Sources */,
				88945823236AF09B00E3D838 /* MainTabBarController.swift in Sources */,
				8894583D236AF49600E3D838 /* JobsViewController.swift in Sources */,
				88945831236AF46600E3D838 /* NewsViewController.swift in Sources */,
				88945820236AE51500E3D838 /* LoginView.swift in Sources */,
				88F68207236971B5006249AA /* AppDelegate.swift in Sources */,
				8882C601237022D9001F56B4 /* NewsCell.swift in Sources */,
			);
			runOnlyForDeploymentPostprocessing = 0;
		};
/* End PBXSourcesBuildPhase section */

/* Begin PBXVariantGroup section */
		88F68211236971B7006249AA /* LaunchScreen.storyboard */ = {
			isa = PBXVariantGroup;
			children = (
				88F68212236971B7006249AA /* Base */,
			);
			name = LaunchScreen.storyboard;
			sourceTree = "<group>";
		};
/* End PBXVariantGroup section */

/* Begin XCBuildConfiguration section */
		88F68215236971B7006249AA /* Debug */ = {
			isa = XCBuildConfiguration;
			buildSettings = {
				ALWAYS_SEARCH_USER_PATHS = NO;
				CLANG_ANALYZER_NONNULL = YES;
				CLANG_ANALYZER_NUMBER_OBJECT_CONVERSION = YES_AGGRESSIVE;
				CLANG_CXX_LANGUAGE_STANDARD = "gnu++14";
				CLANG_CXX_LIBRARY = "libc++";
				CLANG_ENABLE_MODULES = YES;
				CLANG_ENABLE_OBJC_ARC = YES;
				CLANG_ENABLE_OBJC_WEAK = YES;
				CLANG_WARN_BLOCK_CAPTURE_AUTORELEASING = YES;
				CLANG_WARN_BOOL_CONVERSION = YES;
				CLANG_WARN_COMMA = YES;
				CLANG_WARN_CONSTANT_CONVERSION = YES;
				CLANG_WARN_DEPRECATED_OBJC_IMPLEMENTATIONS = YES;
				CLANG_WARN_DIRECT_OBJC_ISA_USAGE = YES_ERROR;
				CLANG_WARN_DOCUMENTATION_COMMENTS = YES;
				CLANG_WARN_EMPTY_BODY = YES;
				CLANG_WARN_ENUM_CONVERSION = YES;
				CLANG_WARN_INFINITE_RECURSION = YES;
				CLANG_WARN_INT_CONVERSION = YES;
				CLANG_WARN_NON_LITERAL_NULL_CONVERSION = YES;
				CLANG_WARN_OBJC_IMPLICIT_RETAIN_SELF = YES;
				CLANG_WARN_OBJC_LITERAL_CONVERSION = YES;
				CLANG_WARN_OBJC_ROOT_CLASS = YES_ERROR;
				CLANG_WARN_RANGE_LOOP_ANALYSIS = YES;
				CLANG_WARN_STRICT_PROTOTYPES = YES;
				CLANG_WARN_SUSPICIOUS_MOVE = YES;
				CLANG_WARN_UNGUARDED_AVAILABILITY = YES_AGGRESSIVE;
				CLANG_WARN_UNREACHABLE_CODE = YES;
				CLANG_WARN__DUPLICATE_METHOD_MATCH = YES;
				COPY_PHASE_STRIP = NO;
				DEBUG_INFORMATION_FORMAT = dwarf;
				ENABLE_STRICT_OBJC_MSGSEND = YES;
				ENABLE_TESTABILITY = YES;
				GCC_C_LANGUAGE_STANDARD = gnu11;
				GCC_DYNAMIC_NO_PIC = NO;
				GCC_NO_COMMON_BLOCKS = YES;
				GCC_OPTIMIZATION_LEVEL = 0;
				GCC_PREPROCESSOR_DEFINITIONS = (
					"DEBUG=1",
					"$(inherited)",
				);
				GCC_WARN_64_TO_32_BIT_CONVERSION = YES;
				GCC_WARN_ABOUT_RETURN_TYPE = YES_ERROR;
				GCC_WARN_UNDECLARED_SELECTOR = YES;
				GCC_WARN_UNINITIALIZED_AUTOS = YES_AGGRESSIVE;
				GCC_WARN_UNUSED_FUNCTION = YES;
				GCC_WARN_UNUSED_VARIABLE = YES;
				IPHONEOS_DEPLOYMENT_TARGET = 13.0;
				MTL_ENABLE_DEBUG_INFO = INCLUDE_SOURCE;
				MTL_FAST_MATH = YES;
				ONLY_ACTIVE_ARCH = YES;
				SDKROOT = iphoneos;
				SWIFT_ACTIVE_COMPILATION_CONDITIONS = DEBUG;
				SWIFT_OPTIMIZATION_LEVEL = "-Onone";
			};
			name = Debug;
		};
		88F68216236971B7006249AA /* Release */ = {
			isa = XCBuildConfiguration;
			buildSettings = {
				ALWAYS_SEARCH_USER_PATHS = NO;
				CLANG_ANALYZER_NONNULL = YES;
				CLANG_ANALYZER_NUMBER_OBJECT_CONVERSION = YES_AGGRESSIVE;
				CLANG_CXX_LANGUAGE_STANDARD = "gnu++14";
				CLANG_CXX_LIBRARY = "libc++";
				CLANG_ENABLE_MODULES = YES;
				CLANG_ENABLE_OBJC_ARC = YES;
				CLANG_ENABLE_OBJC_WEAK = YES;
				CLANG_WARN_BLOCK_CAPTURE_AUTORELEASING = YES;
				CLANG_WARN_BOOL_CONVERSION = YES;
				CLANG_WARN_COMMA = YES;
				CLANG_WARN_CONSTANT_CONVERSION = YES;
				CLANG_WARN_DEPRECATED_OBJC_IMPLEMENTATIONS = YES;
				CLANG_WARN_DIRECT_OBJC_ISA_USAGE = YES_ERROR;
				CLANG_WARN_DOCUMENTATION_COMMENTS = YES;
				CLANG_WARN_EMPTY_BODY = YES;
				CLANG_WARN_ENUM_CONVERSION = YES;
				CLANG_WARN_INFINITE_RECURSION = YES;
				CLANG_WARN_INT_CONVERSION = YES;
				CLANG_WARN_NON_LITERAL_NULL_CONVERSION = YES;
				CLANG_WARN_OBJC_IMPLICIT_RETAIN_SELF = YES;
				CLANG_WARN_OBJC_LITERAL_CONVERSION = YES;
				CLANG_WARN_OBJC_ROOT_CLASS = YES_ERROR;
				CLANG_WARN_RANGE_LOOP_ANALYSIS = YES;
				CLANG_WARN_STRICT_PROTOTYPES = YES;
				CLANG_WARN_SUSPICIOUS_MOVE = YES;
				CLANG_WARN_UNGUARDED_AVAILABILITY = YES_AGGRESSIVE;
				CLANG_WARN_UNREACHABLE_CODE = YES;
				CLANG_WARN__DUPLICATE_METHOD_MATCH = YES;
				COPY_PHASE_STRIP = NO;
				DEBUG_INFORMATION_FORMAT = "dwarf-with-dsym";
				ENABLE_NS_ASSERTIONS = NO;
				ENABLE_STRICT_OBJC_MSGSEND = YES;
				GCC_C_LANGUAGE_STANDARD = gnu11;
				GCC_NO_COMMON_BLOCKS = YES;
				GCC_WARN_64_TO_32_BIT_CONVERSION = YES;
				GCC_WARN_ABOUT_RETURN_TYPE = YES_ERROR;
				GCC_WARN_UNDECLARED_SELECTOR = YES;
				GCC_WARN_UNINITIALIZED_AUTOS = YES_AGGRESSIVE;
				GCC_WARN_UNUSED_FUNCTION = YES;
				GCC_WARN_UNUSED_VARIABLE = YES;
				IPHONEOS_DEPLOYMENT_TARGET = 13.0;
				MTL_ENABLE_DEBUG_INFO = NO;
				MTL_FAST_MATH = YES;
				SDKROOT = iphoneos;
				SWIFT_COMPILATION_MODE = wholemodule;
				SWIFT_OPTIMIZATION_LEVEL = "-O";
				VALIDATE_PRODUCT = YES;
			};
			name = Release;
		};
		88F68218236971B7006249AA /* Debug */ = {
			isa = XCBuildConfiguration;
			baseConfigurationReference = 728D53EE3591508D74C3109E /* Pods-Almate.debug.xcconfig */;
			buildSettings = {
				ASSETCATALOG_COMPILER_APPICON_NAME = AppIcon;
				CODE_SIGN_STYLE = Automatic;
				DEVELOPMENT_TEAM = 9RKKB6DTX4;
				INFOPLIST_FILE = Almate/Info.plist;
				LD_RUNPATH_SEARCH_PATHS = (
					"$(inherited)",
					"@executable_path/Frameworks",
				);
				PRODUCT_BUNDLE_IDENTIFIER = applegroupone.id.Almate;
				PRODUCT_NAME = "$(TARGET_NAME)";
				SWIFT_VERSION = 5.0;
				TARGETED_DEVICE_FAMILY = "1,2";
			};
			name = Debug;
		};
		88F68219236971B7006249AA /* Release */ = {
			isa = XCBuildConfiguration;
			baseConfigurationReference = 4AC7F0D31CED4B0064E35B6B /* Pods-Almate.release.xcconfig */;
			buildSettings = {
				ASSETCATALOG_COMPILER_APPICON_NAME = AppIcon;
				CODE_SIGN_STYLE = Automatic;
				DEVELOPMENT_TEAM = 9RKKB6DTX4;
				INFOPLIST_FILE = Almate/Info.plist;
				LD_RUNPATH_SEARCH_PATHS = (
					"$(inherited)",
					"@executable_path/Frameworks",
				);
				PRODUCT_BUNDLE_IDENTIFIER = applegroupone.id.Almate;
				PRODUCT_NAME = "$(TARGET_NAME)";
				SWIFT_VERSION = 5.0;
				TARGETED_DEVICE_FAMILY = "1,2";
			};
			name = Release;
		};
/* End XCBuildConfiguration section */

/* Begin XCConfigurationList section */
		88F681FE236971B5006249AA /* Build configuration list for PBXProject "Almate" */ = {
			isa = XCConfigurationList;
			buildConfigurations = (
				88F68215236971B7006249AA /* Debug */,
				88F68216236971B7006249AA /* Release */,
			);
			defaultConfigurationIsVisible = 0;
			defaultConfigurationName = Release;
		};
		88F68217236971B7006249AA /* Build configuration list for PBXNativeTarget "Almate" */ = {
			isa = XCConfigurationList;
			buildConfigurations = (
				88F68218236971B7006249AA /* Debug */,
				88F68219236971B7006249AA /* Release */,
			);
			defaultConfigurationIsVisible = 0;
			defaultConfigurationName = Release;
		};
/* End XCConfigurationList section */
	};
	rootObject = 88F681FB236971B5006249AA /* Project object */;
}
